<?xml version="1.0" encoding="utf-8"?>
<Project ToolsVersion="4.0" xmlns="http://schemas.microsoft.com/developer/msbuild/2003">
  <ItemGroup>
    <Filter Include="源文件">
      <UniqueIdentifier>{4FC737F1-C7A5-4376-A066-2A32D752A2FF}</UniqueIdentifier>
      <Extensions>cpp;c;cc;cxx;c++;cppm;ixx;def;odl;idl;hpj;bat;asm;asmx</Extensions>
    </Filter>
    <Filter Include="头文件">
      <UniqueIdentifier>{93995380-89BD-4b04-88EB-625FBE52EBFB}</UniqueIdentifier>
      <Extensions>h;hh;hpp;hxx;h++;hm;inl;inc;ipp;xsd</Extensions>
    </Filter>
    <Filter Include="资源文件">
      <UniqueIdentifier>{67DA6AB6-F800-4c08-8B7A-83BB121AAD01}</UniqueIdentifier>
      <Extensions>rc;ico;cur;bmp;dlg;rc2;rct;bin;rgs;gif;jpg;jpeg;jpe;resx;tiff;tif;png;wav;mfcribbon-ms</Extensions>
    </Filter>
  </ItemGroup>
  <ItemGroup>
    <ClCompile Include="Sources\stdafx.cpp">
      <Filter>源文件</Filter>
    </ClCompile>
    <ClCompile Include="Sources\Program\main.cpp">
      <Filter>源文件</Filter>
    </ClCompile>
    <ClCompile Include="Sources\Engine\Utils\Logger.cpp">
      <Filter>源文件</Filter>
    </ClCompile>
    <ClCompile Include="Sources\Engine\Utils\Utils.cpp">
      <Filter>源文件</Filter>
    </ClCompile>
    <ClCompile Include="Sources\Engine\Core\Types\Entries\Astro\CelestialObject.cpp">
      <Filter>源文件</Filter>
    </ClCompile>
    <ClCompile Include="Sources\Engine\Core\Types\Entries\Astro\Planet.cpp">
      <Filter>源文件</Filter>
    </ClCompile>
    <ClCompile Include="Sources\Engine\Core\Types\Entries\Astro\Star.cpp">
      <Filter>源文件</Filter>
    </ClCompile>
    <ClCompile Include="Sources\Engine\Core\Types\Entries\Astro\StellarSystem.cpp">
      <Filter>源文件</Filter>
    </ClCompile>
    <ClCompile Include="Sources\Engine\Core\Types\Entries\NpgsObject.cpp">
      <Filter>源文件</Filter>
    </ClCompile>
    <ClCompile Include="Sources\Engine\Core\Types\Properties\Intelli\Artifact.cpp">
      <Filter>源文件</Filter>
    </ClCompile>
    <ClCompile Include="Sources\Engine\Core\Types\Properties\Intelli\Civilization.cpp">
      <Filter>源文件</Filter>
    </ClCompile>
    <ClCompile Include="Sources\Engine\Core\Types\Properties\StellarClass.cpp">
      <Filter>源文件</Filter>
    </ClCompile>
    <ClCompile Include="Sources\Engine\Core\System\Generators\CivilizationGenerator.cpp">
      <Filter>源文件</Filter>
    </ClCompile>
    <ClCompile Include="Sources\Engine\Core\System\Generators\OrbitalGenerator.cpp">
      <Filter>源文件</Filter>
    </ClCompile>
    <ClCompile Include="Sources\Engine\Core\System\Generators\StellarGenerator.cpp">
      <Filter>源文件</Filter>
    </ClCompile>
    <ClCompile Include="Sources\Engine\Core\System\Spatial\Camera.cpp">
      <Filter>源文件</Filter>
    </ClCompile>
    <ClCompile Include="Sources\Engine\Core\Runtime\Threads\ThreadPool.cpp">
      <Filter>源文件</Filter>
    </ClCompile>
    <ClCompile Include="Sources\Engine\Core\Runtime\AssetLoaders\AssetManager.cpp">
      <Filter>源文件</Filter>
    </ClCompile>
    <ClCompile Include="Sources\Engine\Core\Runtime\AssetLoaders\GetAssetFullPath.cpp">
      <Filter>源文件</Filter>
    </ClCompile>
    <ClCompile Include="Sources\Engine\Core\Runtime\AssetLoaders\Texture.cpp">
      <Filter>源文件</Filter>
    </ClCompile>
    <ClCompile Include="Sources\Engine\Core\Runtime\Graphics\Vulkan\Resources.cpp">
      <Filter>源文件</Filter>
    </ClCompile>
    <ClCompile Include="Sources\Engine\Core\Runtime\Graphics\Vulkan\Context.cpp">
      <Filter>源文件</Filter>
    </ClCompile>
    <ClCompile Include="Sources\Engine\Core\Runtime\Graphics\Vulkan\Core.cpp">
      <Filter>源文件</Filter>
    </ClCompile>
    <ClCompile Include="Sources\Engine\Core\Runtime\Graphics\Vulkan\ExtFunctionsImpl.cpp">
      <Filter>源文件</Filter>
    </ClCompile>
    <ClCompile Include="Sources\Engine\Core\Runtime\Graphics\Vulkan\Wrappers.cpp">
      <Filter>源文件</Filter>
    </ClCompile>
    <ClCompile Include="Sources\Program\Application.cpp">
      <Filter>源文件</Filter>
    </ClCompile>
    <ClCompile Include="Sources\Program\Universe.cpp">
      <Filter>源文件</Filter>
    </ClCompile>
    <ClCompile Include="Sources\Engine\Core\Runtime\AssetLoaders\Shader.cpp">
      <Filter>源文件</Filter>
    </ClCompile>
    <ClCompile Include="Sources\Engine\Core\Runtime\Graphics\Vulkan\ShaderResourceManager.cpp">
      <Filter>源文件</Filter>
    </ClCompile>
    <ClCompile Include="Sources\Engine\Core\Runtime\Graphics\Renderers\PipelineManager.cpp">
      <Filter>源文件</Filter>
    </ClCompile>
    <ClCompile Include="Sources\ExternalImpl\stb_impl.cpp">
      <Filter>源文件</Filter>
    </ClCompile>
    <ClCompile Include="Sources\ExternalImpl\vma_impl.cpp">
      <Filter>源文件</Filter>
    </ClCompile>
    <ClCompile Include="Sources\Engine\Utils\TooolfuncForStarMap.cpp">
      <Filter>源文件</Filter>
    </ClCompile>
    <ClCompile Include="Sources\Engine\Core\Runtime\Graphics\Vulkan\VulkanUIRenderer.cpp">
      <Filter>源文件</Filter>
    </ClCompile>
    <ClCompile Include="Sources\Engine\Core\System\UI\ui_framework.cpp">
      <Filter>源文件</Filter>
    </ClCompile>
    <ClCompile Include="Sources\Engine\Core\System\UI\components\InputField.cpp">
      <Filter>源文件</Filter>
    </ClCompile>
    <ClCompile Include="Sources\Engine\Core\System\UI\components\NeuralParticleView.cpp">
      <Filter>源文件</Filter>
    </ClCompile>
    <ClCompile Include="Sources\Engine\Core\System\UI\components\TechBorderPanel.cpp">
      <Filter>源文件</Filter>
    </ClCompile>
    <ClCompile Include="Sources\Engine\Core\System\UI\components\CollapsedMainButton.cpp">
      <Filter>源文件</Filter>
    </ClCompile>
    <ClCompile Include="Sources\Engine\Core\System\UI\components\HackerTextHelper.cpp">
      <Filter>源文件</Filter>
    </ClCompile>
    <ClCompile Include="Sources\Engine\Core\System\UI\components\PulsarButton.cpp">
      <Filter>源文件</Filter>
    </ClCompile>
    <ClCompile Include="Sources\Engine\Core\System\UI\components\CelestialInfoPanel.cpp">
      <Filter>源文件</Filter>
    </ClCompile>
    <ClCompile Include="Sources\Engine\Core\System\UI\components\TechText.cpp">
      <Filter>源文件</Filter>
    </ClCompile>
    <ClCompile Include="Sources\Engine\Core\System\UI\components\NeuralMenu.cpp">
      <Filter>源文件</Filter>
    </ClCompile>
    <ClCompile Include="Sources\Engine\Core\System\UI\components\TechButton.cpp">
      <Filter>源文件</Filter>
    </ClCompile>
    <ClCompile Include="Sources\Engine\Core\System\UI\UITool\AstroDataBuilder.cpp">
      <Filter>源文件</Filter>
    </ClCompile>
    <ClCompile Include="Sources\Engine\Core\System\UI\components\CinematicInfoPanel.cpp">
      <Filter>源文件</Filter>
    </ClCompile>
    <ClCompile Include="Sources\Engine\Core\System\UI\components\TimeControlPanel.cpp">
      <Filter>源文件</Filter>
    </ClCompile>
    <ClCompile Include="Sources\Engine\Core\System\UI\components\LogPanel.cpp">
      <Filter>源文件</Filter>
    </ClCompile>
    <ClCompile Include="Sources\Engine\Core\System\UI\components\ScreenVignette.cpp">
      <Filter>源文件</Filter>
    </ClCompile>
  </ItemGroup>
  <ItemGroup>
    <ClInclude Include="Sources\stdafx.h">
      <Filter>头文件</Filter>
    </ClInclude>
    <ClInclude Include="Sources\xstdafx.h">
      <Filter>头文件</Filter>
    </ClInclude>
    <ClInclude Include="Sources\Engine\Utils\Logger.h">
      <Filter>头文件</Filter>
    </ClInclude>
    <ClInclude Include="Sources\Engine\Utils\Random.hpp">
      <Filter>头文件</Filter>
    </ClInclude>
    <ClInclude Include="Sources\Engine\Utils\Utils.h">
      <Filter>头文件</Filter>
    </ClInclude>
    <ClInclude Include="Sources\Engine\Core\Base\Assert.h">
      <Filter>头文件</Filter>
    </ClInclude>
    <ClInclude Include="Sources\Engine\Core\Base\Base.h">
      <Filter>头文件</Filter>
    </ClInclude>
    <ClInclude Include="Sources\Engine\Core\Math\NumericConstants.h">
      <Filter>头文件</Filter>
    </ClInclude>
    <ClInclude Include="Sources\Engine\Core\Types\Entries\Astro\CelestialObject.h">
      <Filter>头文件</Filter>
    </ClInclude>
    <ClInclude Include="Sources\Engine\Core\Types\Entries\Astro\Planet.h">
      <Filter>头文件</Filter>
    </ClInclude>
    <ClInclude Include="Sources\Engine\Core\Types\Entries\Astro\Star.h">
      <Filter>头文件</Filter>
    </ClInclude>
    <ClInclude Include="Sources\Engine\Core\Types\Entries\Astro\StellarSystem.h">
      <Filter>头文件</Filter>
    </ClInclude>
    <ClInclude Include="Sources\Engine\Core\Types\Entries\NpgsObject.h">
      <Filter>头文件</Filter>
    </ClInclude>
    <ClInclude Include="Sources\Engine\Core\Types\Properties\Intelli\Artifact.h">
      <Filter>头文件</Filter>
    </ClInclude>
    <ClInclude Include="Sources\Engine\Core\Types\Properties\Intelli\Civilization.h">
      <Filter>头文件</Filter>
    </ClInclude>
    <ClInclude Include="Sources\Engine\Core\Types\Properties\StellarClass.h">
      <Filter>头文件</Filter>
    </ClInclude>
    <ClInclude Include="Sources\Engine\Core\System\Generators\CivilizationGenerator.h">
      <Filter>头文件</Filter>
    </ClInclude>
    <ClInclude Include="Sources\Engine\Core\System\Generators\OrbitalGenerator.h">
      <Filter>头文件</Filter>
    </ClInclude>
    <ClInclude Include="Sources\Engine\Core\System\Generators\StellarGenerator.h">
      <Filter>头文件</Filter>
    </ClInclude>
    <ClInclude Include="Sources\Engine\Core\System\Spatial\Camera.h">
      <Filter>头文件</Filter>
    </ClInclude>
    <ClInclude Include="Sources\Engine\Core\System\Spatial\Octree.hpp">
      <Filter>头文件</Filter>
    </ClInclude>
    <ClInclude Include="Sources\Engine\Core\Runtime\Threads\ThreadPool.h">
      <Filter>头文件</Filter>
    </ClInclude>
    <ClInclude Include="Sources\Engine\Core\Runtime\AssetLoaders\AssetManager.h">
      <Filter>头文件</Filter>
    </ClInclude>
    <ClInclude Include="Sources\Engine\Core\Runtime\AssetLoaders\CommaSeparatedValues.hpp">
      <Filter>头文件</Filter>
    </ClInclude>
    <ClInclude Include="Sources\Engine\Core\Runtime\AssetLoaders\GetAssetFullPath.h">
      <Filter>头文件</Filter>
    </ClInclude>
    <ClInclude Include="Sources\Engine\Core\Runtime\AssetLoaders\Texture.h">
      <Filter>头文件</Filter>
    </ClInclude>
    <ClInclude Include="Sources\Engine\Core\Runtime\Graphics\Vulkan\Resources.h">
      <Filter>头文件</Filter>
    </ClInclude>
    <ClInclude Include="Sources\Engine\Core\Runtime\Graphics\Vulkan\Context.h">
      <Filter>头文件</Filter>
    </ClInclude>
    <ClInclude Include="Sources\Engine\Core\Runtime\Graphics\Vulkan\Core.h">
      <Filter>头文件</Filter>
    </ClInclude>
    <ClInclude Include="Sources\Engine\Core\Runtime\Graphics\Vulkan\ExtFunctionsImpl.h">
      <Filter>头文件</Filter>
    </ClInclude>
    <ClInclude Include="Sources\Engine\Core\Runtime\Graphics\Vulkan\Wrappers.h">
      <Filter>头文件</Filter>
    </ClInclude>
    <ClInclude Include="Sources\Program\Application.h">
      <Filter>头文件</Filter>
    </ClInclude>
    <ClInclude Include="Sources\Program\Npgs.h">
      <Filter>头文件</Filter>
    </ClInclude>
    <ClInclude Include="Sources\Program\Universe.h">
      <Filter>头文件</Filter>
    </ClInclude>
    <ClInclude Include="Sources\Engine\Core\Runtime\AssetLoaders\Shader.h">
      <Filter>头文件</Filter>
    </ClInclude>
    <ClInclude Include="Sources\Engine\Core\Base\Config\EngineConfig.h">
      <Filter>头文件</Filter>
    </ClInclude>
    <ClInclude Include="Sources\Engine\Utils\FieldReflection.hpp">
      <Filter>头文件</Filter>
    </ClInclude>
    <ClInclude Include="Sources\Engine\Core\Runtime\Graphics\Vulkan\ShaderResourceManager.h">
      <Filter>头文件</Filter>
    </ClInclude>
    <ClInclude Include="Sources\Engine\Core\Runtime\Graphics\Renderers\PipelineManager.h">
      <Filter>头文件</Filter>
    </ClInclude>
    <ClInclude Include="Sources\Program\DataStructures.h">
      <Filter>头文件</Filter>
    </ClInclude>
    <ClInclude Include="Sources\Engine\Utils\TooolfuncForStarMap.h">
      <Filter>头文件</Filter>
    </ClInclude>
    <ClInclude Include="Sources\Engine\Core\Runtime\Graphics\Vulkan\VulkanUIRenderer.h">
      <Filter>头文件</Filter>
    </ClInclude>
    <ClInclude Include="Sources\Engine\Core\System\UI\ui_framework.h">
      <Filter>头文件</Filter>
    </ClInclude>
    <ClInclude Include="Sources\Engine\Core\System\UI\neural_ui.h">
      <Filter>头文件</Filter>
    </ClInclude>
    <ClInclude Include="Sources\Engine\Core\System\UI\components\TechSliders.h">
      <Filter>头文件</Filter>
    </ClInclude>
    <ClInclude Include="Sources\Engine\Core\System\UI\components\InputField.h">
      <Filter>头文件</Filter>
    </ClInclude>
    <ClInclude Include="Sources\Engine\Core\System\UI\components\NeuralParticleView.h">
      <Filter>头文件</Filter>
    </ClInclude>
    <ClInclude Include="Sources\Engine\Core\System\UI\components\TechBorderPanel.h">
      <Filter>头文件</Filter>
    </ClInclude>
    <ClInclude Include="Sources\Engine\Core\System\UI\components\CollapsedMainButton.h">
      <Filter>头文件</Filter>
    </ClInclude>
    <ClInclude Include="Sources\Engine\Core\System\UI\components\HackerTextHelper.h">
      <Filter>头文件</Filter>
    </ClInclude>
    <ClInclude Include="Sources\Engine\Core\System\UI\components\PulsarButton.h">
      <Filter>头文件</Filter>
    </ClInclude>
    <ClInclude Include="Sources\Engine\Core\System\UI\TechUtils.h">
      <Filter>头文件</Filter>
    </ClInclude>
    <ClInclude Include="Sources\Engine\Core\System\UI\components\TechProgressBar.h">
      <Filter>头文件</Filter>
    </ClInclude>
    <ClInclude Include="Sources\Engine\Core\System\UI\components\CelestialInfoPanel.h">
      <Filter>头文件</Filter>
    </ClInclude>
    <ClInclude Include="Sources\Engine\Core\System\UI\components\TechText.h">
      <Filter>头文件</Filter>
    </ClInclude>
    <ClInclude Include="Sources\Engine\Core\System\UI\components\TechDivider.h">
      <Filter>头文件</Filter>
    </ClInclude>
    <ClInclude Include="Sources\Engine\Core\System\UI\components\NeuralMenu.h">
      <Filter>头文件</Filter>
    </ClInclude>
    <ClInclude Include="Sources\Engine\Core\System\UI\components\TechButton.h">
      <Filter>头文件</Filter>
    </ClInclude>
    <ClInclude Include="Sources\Engine\Core\System\UI\UITool\AstroDataBuilder.h">
      <Filter>头文件</Filter>
    </ClInclude>
    <ClInclude Include="Sources\Engine\Core\System\UI\components\CinematicInfoPanel.h">
      <Filter>头文件</Filter>
    </ClInclude>
    <ClInclude Include="Sources\Engine\Core\System\UI\components\TimeControlPanel.h">
      <Filter>头文件</Filter>
    </ClInclude>
    <ClInclude Include="Sources\Engine\Core\System\UI\components\LogPanel.h">
      <Filter>头文件</Filter>
    </ClInclude>
    <ClInclude Include="Sources\Engine\Core\System\UI\components\ScreenVignette.h">
      <Filter>头文件</Filter>
    </ClInclude>
  </ItemGroup>
  <ItemGroup>
    <None Include="Sources\Engine\Utils\Logger.inl">
      <Filter>头文件</Filter>
    </None>
    <None Include="Sources\Engine\Utils\Utils.inl">
      <Filter>头文件</Filter>
    </None>
    <None Include="Sources\Engine\Core\Types\Entries\Astro\CelestialObject.inl">
      <Filter>头文件</Filter>
    </None>
    <None Include="Sources\Engine\Core\Types\Entries\Astro\Planet.inl">
      <Filter>头文件</Filter>
    </None>
    <None Include="Sources\Engine\Core\Types\Entries\Astro\Star.inl">
      <Filter>头文件</Filter>
    </None>
    <None Include="Sources\Engine\Core\Types\Entries\Astro\StellarSystem.inl">
      <Filter>头文件</Filter>
    </None>
    <None Include="Sources\Engine\Core\Types\Properties\Intelli\Civilization.inl">
      <Filter>头文件</Filter>
    </None>
    <None Include="Sources\Engine\Core\Types\Properties\StellarClass.inl">
      <Filter>头文件</Filter>
    </None>
    <None Include="Sources\Engine\Core\System\Generators\StellarGenerator.inl">
      <Filter>头文件</Filter>
    </None>
    <None Include="Sources\Engine\Core\System\Spatial\Camera.inl">
      <Filter>头文件</Filter>
    </None>
    <None Include="Sources\Engine\Core\Runtime\Threads\ThreadPool.inl">
      <Filter>头文件</Filter>
    </None>
    <None Include="Sources\Engine\Core\Runtime\AssetLoaders\AssetManager.inl">
      <Filter>头文件</Filter>
    </None>
    <None Include="Sources\Engine\Core\Runtime\AssetLoaders\Texture.inl">
      <Filter>头文件</Filter>
    </None>
    <None Include="Sources\Engine\Core\Runtime\Graphics\Vulkan\Resources.inl">
      <Filter>头文件</Filter>
    </None>
    <None Include="Sources\Engine\Core\Runtime\Graphics\Vulkan\Context.inl">
      <Filter>头文件</Filter>
    </None>
    <None Include="Sources\Engine\Core\Runtime\Graphics\Vulkan\Core.inl">
      <Filter>头文件</Filter>
    </None>
    <None Include="Sources\Engine\Core\Runtime\Graphics\Vulkan\Wrappers.inl">
      <Filter>头文件</Filter>
    </None>
    <None Include="Sources\Engine\Core\Runtime\AssetLoaders\Shader.inl">
      <Filter>头文件</Filter>
    </None>
    <None Include="Sources\Engine\Core\Runtime\Graphics\Vulkan\ShaderResourceManager.inl">
      <Filter>头文件</Filter>
    </None>
    <None Include="Sources\Engine\Core\Runtime\Graphics\Renderers\PipelineManager.inl">
      <Filter>头文件</Filter>
    </None>
    <None Include="Sources\Program\Application.cpp.bak" />
    <None Include="Sources\Engine\Shaders\Common\CoordConverter.glsl" />
    <None Include="Sources\Engine\Shaders\Common\NumericConstants.glsl" />
    <None Include="Sources\Engine\Shaders\Common\Random\Hash.glsl" />
    <None Include="Sources\Engine\Shaders\BlackHole.comp.glsl" />
    <None Include="Sources\Engine\Shaders\BlackHole.frag.glsl" />
    <None Include="Sources\Engine\Shaders\Bloom.comp.glsl" />
    <None Include="Sources\Engine\Shaders\Bloom.frag.glsl" />
    <None Include="Sources\Engine\Shaders\ColorBlend.frag.glsl" />
    <None Include="Sources\Engine\Shaders\PostProcess.frag.glsl" />
    <None Include="Sources\Engine\Shaders\PostProcess.vert.glsl" />
    <None Include="Sources\Engine\Shaders\Scene.frag.glsl" />
    <None Include="Sources\Engine\Shaders\Scene.vert.glsl" />
    <None Include="Sources\Engine\Shaders\ScreenQuad.vert.glsl" />
    <None Include="Sources\Engine\Shaders\Skybox.frag.glsl" />
    <None Include="Sources\Engine\Shaders\Skybox.vert.glsl" />
    <None Include="Sources\Engine\Shaders\ShadowMap.vert.glsl" />
    <None Include="Sources\Engine\Shaders\ShadowMap.frag.glsl" />
  </ItemGroup>
</Project>